
Microsoft Visual Studio Solution File, Format Version 12.00
# Visual Studio Version 17
VisualStudioVersion = 17.9.34622.214
MinimumVisualStudioVersion = 10.0.40219.1
Project("{FAE04EC0-301F-11D3-BF4B-00C04F79EFBC}") = "AppStoreConnector", "AppStoreConnector\AppStoreConnector.csproj", "{6FA40920-F903-4857-9BE3-4BF7E601DDC8}"
EndProject
Project("{FAE04EC0-301F-11D3-BF4B-00C04F79EFBC}") = "AppStoreConnectorTests", "AppStoreConnectorTests\AppStoreConnectorTests.csproj", "{EEBF35E0-B1D9-4C51-B496-E8BA00178D74}"
EndProject
Global
	GlobalSection(SolutionConfigurationPlatforms) = preSolution
		Debug|Any CPU = Debug|Any CPU
		Release|Any CPU = Release|Any CPU
	EndGlobalSection
	GlobalSection(ProjectConfigurationPlatforms) = postSolution
		{6FA40920-F903-4857-9BE3-4BF7E601DDC8}.Debug|Any CPU.ActiveCfg = Debug|Any CPU
		{6FA40920-F903-4857-9BE3-4BF7E601DDC8}.Debug|Any CPU.Build.0 = Debug|Any CPU
		{6FA40920-F903-4857-9BE3-4BF7E601DDC8}.Release|Any CPU.ActiveCfg = Release|Any CPU
		{6FA40920-F903-4857-9BE3-4BF7E601DDC8}.Release|Any CPU.Build.0 = Release|Any CPU
		{EEBF35E0-B1D9-4C51-B496-E8BA00178D74}.Debug|Any CPU.ActiveCfg = Debug|Any CPU
		{EEBF35E0-B1D9-4C51-B496-E8BA00178D74}.Debug|Any CPU.Build.0 = Debug|Any CPU
		{EEBF35E0-B1D9-4C51-B496-E8BA00178D74}.Release|Any CPU.ActiveCfg = Release|Any CPU
		{EEBF35E0-B1D9-4C51-B496-E8BA00178D74}.Release|Any CPU.Build.0 = Release|Any CPU
	EndGlobalSection
	GlobalSection(SolutionProperties) = preSolution
		HideSolutionNode = FALSE
	EndGlobalSection
	GlobalSection(ExtensibilityGlobals) = postSolution
		SolutionGuid = {C341CCFF-1355-45EA-8A3A-F7A7ECEE4F37}
	EndGlobalSection
EndGlobal
